// !$*UTF8*$!
{
	archiveVersion = 1;
	classes = {
	};
	objectVersion = 56;
	objects = {

/* Begin PBXBuildFile section */
		0E6D4DF72A14BEB500915D27 /* AppDelegate.swift in Sources */ = {isa = PBXBuildFile; fileRef = 0E6D4DF62A14BEB500915D27 /* AppDelegate.swift */; };
		0E6D4DF92A14BEB500915D27 /* ViewController.swift in Sources */ = {isa = PBXBuildFile; fileRef = 0E6D4DF82A14BEB500915D27 /* ViewController.swift */; };
		0E6D4DFB2A14BEB600915D27 /* Assets.xcassets in Resources */ = {isa = PBXBuildFile; fileRef = 0E6D4DFA2A14BEB600915D27 /* Assets.xcassets */; };
		0E6D4DFE2A14BEB600915D27 /* Main.storyboard in Resources */ = {isa = PBXBuildFile; fileRef = 0E6D4DFC2A14BEB600915D27 /* Main.storyboard */; };
		0EA0D2D82A17272B00F1E0C9 /* NSImageExtension.swift in Sources */ = {isa = PBXBuildFile; fileRef = 0EA0D2D72A17272B00F1E0C9 /* NSImageExtension.swift */; };
		0EA0D2DB2A1775EF00F1E0C9 /* SecendViewController.swift in Sources */ = {isa = PBXBuildFile; fileRef = 0EA0D2D92A1775EF00F1E0C9 /* SecendViewController.swift */; };
		0EA0D2DC2A1775EF00F1E0C9 /* SecendViewController.xib in Resources */ = {isa = PBXBuildFile; fileRef = 0EA0D2DA2A1775EF00F1E0C9 /* SecendViewController.xib */; };
		0ED229932A14C81700FCA7EC /* LBBugTableViewCell.swift in Sources */ = {isa = PBXBuildFile; fileRef = 0ED229922A14C81700FCA7EC /* LBBugTableViewCell.swift */; };
		0ED229952A15BE8700FCA7EC /* LBBugModel.swift in Sources */ = {isa = PBXBuildFile; fileRef = 0ED229942A15BE8700FCA7EC /* LBBugModel.swift */; };
		D7E36ACE4C2F045B2F1CC247 /* Pods_LBBug.framework in Frameworks */ = {isa = PBXBuildFile; fileRef = 66E39E19CBA2FCF5CAA1F500 /* Pods_LBBug.framework */; };
/* End PBXBuildFile section */

/* Begin PBXFileReference section */
		0E6D4DF32A14BEB500915D27 /* LBBug.app */ = {isa = PBXFileReference; explicitFileType = wrapper.application; includeInIndex = 0; path = LBBug.app; sourceTree = BUILT_PRODUCTS_DIR; };
		0E6D4DF62A14BEB500915D27 /* AppDelegate.swift */ = {isa = PBXFileReference; lastKnownFileType = sourcecode.swift; path = AppDelegate.swift; sourceTree = "<group>"; };
		0E6D4DF82A14BEB500915D27 /* ViewController.swift */ = {isa = PBXFileReference; lastKnownFileType = sourcecode.swift; path = ViewController.swift; sourceTree = "<group>"; };
		0E6D4DFA2A14BEB600915D27 /* Assets.xcassets */ = {isa = PBXFileReference; lastKnownFileType = folder.assetcatalog; path = Assets.xcassets; sourceTree = "<group>"; };
		0E6D4DFD2A14BEB600915D27 /* Base */ = {isa = PBXFileReference; lastKnownFileType = file.storyboard; name = Base; path = Base.lproj/Main.storyboard; sourceTree = "<group>"; };
		0E6D4DFF2A14BEB600915D27 /* LBBug.entitlements */ = {isa = PBXFileReference; lastKnownFileType = text.plist.entitlements; path = LBBug.entitlements; sourceTree = "<group>"; };
		0EA0D2D72A17272B00F1E0C9 /* NSImageExtension.swift */ = {isa = PBXFileReference; lastKnownFileType = sourcecode.swift; path = NSImageExtension.swift; sourceTree = "<group>"; };
		0EA0D2D92A1775EF00F1E0C9 /* SecendViewController.swift */ = {isa = PBXFileReference; lastKnownFileType = sourcecode.swift; path = SecendViewController.swift; sourceTree = "<group>"; };
		0EA0D2DA2A1775EF00F1E0C9 /* SecendViewController.xib */ = {isa = PBXFileReference; lastKnownFileType = file.xib; path = SecendViewController.xib; sourceTree = "<group>"; };
		0ED229922A14C81700FCA7EC /* LBBugTableViewCell.swift */ = {isa = PBXFileReference; lastKnownFileType = sourcecode.swift; path = LBBugTableViewCell.swift; sourceTree = "<group>"; };
		0ED229942A15BE8700FCA7EC /* LBBugModel.swift */ = {isa = PBXFileReference; lastKnownFileType = sourcecode.swift; path = LBBugModel.swift; sourceTree = "<group>"; };
		66E39E19CBA2FCF5CAA1F500 /* Pods_LBBug.framework */ = {isa = PBXFileReference; explicitFileType = wrapper.framework; includeInIndex = 0; path = Pods_LBBug.framework; sourceTree = BUILT_PRODUCTS_DIR; };
		7A468584F2CDF85740E21F04 /* Pods-LBBug.debug.xcconfig */ = {isa = PBXFileReference; includeInIndex = 1; lastKnownFileType = text.xcconfig; name = "Pods-LBBug.debug.xcconfig"; path = "Target Support Files/Pods-LBBug/Pods-LBBug.debug.xcconfig"; sourceTree = "<group>"; };
		B75D347EBB2042F34C9F5EFB /* Pods-LBBug.release.xcconfig */ = {isa = PBXFileReference; includeInIndex = 1; lastKnownFileType = text.xcconfig; name = "Pods-LBBug.release.xcconfig"; path = "Target Support Files/Pods-LBBug/Pods-LBBug.release.xcconfig"; sourceTree = "<group>"; };
/* End PBXFileReference section */

/* Begin PBXFrameworksBuildPhase section */
		0E6D4DF02A14BEB500915D27 /* Frameworks */ = {
			isa = PBXFrameworksBuildPhase;
			buildActionMask = 2147483647;
			files = (
				D7E36ACE4C2F045B2F1CC247 /* Pods_LBBug.framework in Frameworks */,
			);
			runOnlyForDeploymentPostprocessing = 0;
		};
/* End PBXFrameworksBuildPhase section */

/* Begin PBXGroup section */
		0E6D4DEA2A14BEB500915D27 = {
			isa = PBXGroup;
			children = (
				0E6D4DF52A14BEB500915D27 /* LBBug */,
				0E6D4DF42A14BEB500915D27 /* Products */,
				33B415D08962C80102FCCFE3 /* Pods */,
				508C4DE660A52F2AAC8024CA /* Frameworks */,
			);
			sourceTree = "<group>";
		};
		0E6D4DF42A14BEB500915D27 /* Products */ = {
			isa = PBXGroup;
			children = (
				0E6D4DF32A14BEB500915D27 /* LBBug.app */,
			);
			name = Products;
			sourceTree = "<group>";
		};
		0E6D4DF52A14BEB500915D27 /* LBBug */ = {
			isa = PBXGroup;
			children = (
				0E6D4DF62A14BEB500915D27 /* AppDelegate.swift */,
				0E6D4DF82A14BEB500915D27 /* ViewController.swift */,
				0E6D4DFA2A14BEB600915D27 /* Assets.xcassets */,
				0E6D4DFC2A14BEB600915D27 /* Main.storyboard */,
				0E6D4DFF2A14BEB600915D27 /* LBBug.entitlements */,
				0ED229922A14C81700FCA7EC /* LBBugTableViewCell.swift */,
				0ED229942A15BE8700FCA7EC /* LBBugModel.swift */,
				0EA0D2D72A17272B00F1E0C9 /* NSImageExtension.swift */,
				0EA0D2D92A1775EF00F1E0C9 /* SecendViewController.swift */,
				0EA0D2DA2A1775EF00F1E0C9 /* SecendViewController.xib */,
			);
			path = LBBug;
			sourceTree = "<group>";
		};
		33B415D08962C80102FCCFE3 /* Pods */ = {
			isa = PBXGroup;
			children = (
				7A468584F2CDF85740E21F04 /* Pods-LBBug.debug.xcconfig */,
				B75D347EBB2042F34C9F5EFB /* Pods-LBBug.release.xcconfig */,
			);
			path = Pods;
			sourceTree = "<group>";
		};
		508C4DE660A52F2AAC8024CA /* Frameworks */ = {
			isa = PBXGroup;
			children = (
				66E39E19CBA2FCF5CAA1F500 /* Pods_LBBug.framework */,
			);
			name = Frameworks;
			sourceTree = "<group>";
		};
/* End PBXGroup section */

/* Begin PBXNativeTarget section */
		0E6D4DF22A14BEB500915D27 /* LBBug */ = {
			isa = PBXNativeTarget;
			buildConfigurationList = 0E6D4E022A14BEB600915D27 /* Build configuration list for PBXNativeTarget "LBBug" */;
			buildPhases = (
				0749168D840FE4D1F37D2AB6 /* [CP] Check Pods Manifest.lock */,
				0E6D4DEF2A14BEB500915D27 /* Sources */,
				0E6D4DF02A14BEB500915D27 /* Frameworks */,
				0E6D4DF12A14BEB500915D27 /* Resources */,
				F5ECBC0DC16B6D8CAE021883 /* [CP] Embed Pods Frameworks */,
			);
			buildRules = (
			);
			dependencies = (
			);
			name = LBBug;
			productName = LBBug;
			productReference = 0E6D4DF32A14BEB500915D27 /* LBBug.app */;
			productType = "com.apple.product-type.application";
		};
/* End PBXNativeTarget section */

/* Begin PBXProject section */
		0E6D4DEB2A14BEB500915D27 /* Project object */ = {
			isa = PBXProject;
			attributes = {
				BuildIndependentTargetsInParallel = 1;
				LastSwiftUpdateCheck = 1410;
				LastUpgradeCheck = 1410;
				TargetAttributes = {
					0E6D4DF22A14BEB500915D27 = {
						CreatedOnToolsVersion = 14.1;
					};
				};
			};
			buildConfigurationList = 0E6D4DEE2A14BEB500915D27 /* Build configuration list for PBXProject "LBBug" */;
			compatibilityVersion = "Xcode 14.0";
			developmentRegion = en;
			hasScannedForEncodings = 0;
			knownRegions = (
				en,
				Base,
			);
			mainGroup = 0E6D4DEA2A14BEB500915D27;
			productRefGroup = 0E6D4DF42A14BEB500915D27 /* Products */;
			projectDirPath = "";
			projectRoot = "";
			targets = (
				0E6D4DF22A14BEB500915D27 /* LBBug */,
			);
		};
/* End PBXProject section */

/* Begin PBXResourcesBuildPhase section */
		0E6D4DF12A14BEB500915D27 /* Resources */ = {
			isa = PBXResourcesBuildPhase;
			buildActionMask = 2147483647;
			files = (
				0E6D4DFB2A14BEB600915D27 /* Assets.xcassets in Resources */,
				0EA0D2DC2A1775EF00F1E0C9 /* SecendViewController.xib in Resources */,
				0E6D4DFE2A14BEB600915D27 /* Main.storyboard in Resources */,
			);
			runOnlyForDeploymentPostprocessing = 0;
		};
/* End PBXResourcesBuildPhase section */

/* Begin PBXShellScriptBuildPhase section */
		0749168D840FE4D1F37D2AB6 /* [CP] Check Pods Manifest.lock */ = {
			isa = PBXShellScriptBuildPhase;
			buildActionMask = 2147483647;
			files = (
			);
			inputFileListPaths = (
			);
			inputPaths = (
				"${PODS_PODFILE_DIR_PATH}/Podfile.lock",
				"${PODS_ROOT}/Manifest.lock",
			);
			name = "[CP] Check Pods Manifest.lock";
			outputFileListPaths = (
			);
			outputPaths = (
				"$(DERIVED_FILE_DIR)/Pods-LBBug-checkManifestLockResult.txt",
			);
			runOnlyForDeploymentPostprocessing = 0;
			shellPath = /bin/sh;
			shellScript = "diff \"${PODS_PODFILE_DIR_PATH}/Podfile.lock\" \"${PODS_ROOT}/Manifest.lock\" > /dev/null\nif [ $? != 0 ] ; then\n    # print error to STDERR\n    echo \"error: The sandbox is not in sync with the Podfile.lock. Run 'pod install' or update your CocoaPods installation.\" >&2\n    exit 1\nfi\n# This output is used by Xcode 'outputs' to avoid re-running this script phase.\necho \"SUCCESS\" > \"${SCRIPT_OUTPUT_FILE_0}\"\n";
			showEnvVarsInLog = 0;
		};
		F5ECBC0DC16B6D8CAE021883 /* [CP] Embed Pods Frameworks */ = {
			isa = PBXShellScriptBuildPhase;
			buildActionMask = 2147483647;
			files = (
			);
			inputFileListPaths = (
				"${PODS_ROOT}/Target Support Files/Pods-LBBug/Pods-LBBug-frameworks-${CONFIGURATION}-input-files.xcfilelist",
			);
			name = "[CP] Embed Pods Frameworks";
			outputFileListPaths = (
				"${PODS_ROOT}/Target Support Files/Pods-LBBug/Pods-LBBug-frameworks-${CONFIGURATION}-output-files.xcfilelist",
			);
			runOnlyForDeploymentPostprocessing = 0;
			shellPath = /bin/sh;
			shellScript = "\"${PODS_ROOT}/Target Support Files/Pods-LBBug/Pods-LBBug-frameworks.sh\"\n";
			showEnvVarsInLog = 0;
		};
/* End PBXShellScriptBuildPhase section */

/* Begin PBXSourcesBuildPhase section */
		0E6D4DEF2A14BEB500915D27 /* Sources */ = {
			isa = PBXSourcesBuildPhase;
			buildActionMask = 2147483647;
			files = (
				0EA0D2DB2A1775EF00F1E0C9 /* SecendViewController.swift in Sources */,
				0ED229952A15BE8700FCA7EC /* LBBugModel.swift in Sources */,
				0E6D4DF92A14BEB500915D27 /* ViewController.swift in Sources */,
				0ED229932A14C81700FCA7EC /* LBBugTableViewCell.swift in Sources */,
				0EA0D2D82A17272B00F1E0C9 /* NSImageExtension.swift in Sources */,
				0E6D4DF72A14BEB500915D27 /* AppDelegate.swift in Sources */,
			);
			runOnlyForDeploymentPostprocessing = 0;
		};
/* End PBXSourcesBuildPhase section */

/* Begin PBXVariantGroup section */
		0E6D4DFC2A14BEB600915D27 /* Main.storyboard */ = {
			isa = PBXVariantGroup;
			children = (
				0E6D4DFD2A14BEB600915D27 /* Base */,
			);
			name = Main.storyboard;
			sourceTree = "<group>";
		};
/* End PBXVariantGroup section */

/* Begin XCBuildConfiguration section */
		0E6D4E002A14BEB600915D27 /* Debug */ = {
			isa = XCBuildConfiguration;
			buildSettings = {
				ALWAYS_SEARCH_USER_PATHS = NO;
				CLANG_ANALYZER_NONNULL = YES;
				CLANG_ANALYZER_NUMBER_OBJECT_CONVERSION = YES_AGGRESSIVE;
				CLANG_CXX_LANGUAGE_STANDARD = "gnu++20";
				CLANG_ENABLE_MODULES = YES;
				CLANG_ENABLE_OBJC_ARC = YES;
				CLANG_ENABLE_OBJC_WEAK = YES;
				CLANG_WARN_BLOCK_CAPTURE_AUTORELEASING = YES;
				CLANG_WARN_BOOL_CONVERSION = YES;
				CLANG_WARN_COMMA = YES;
				CLANG_WARN_CONSTANT_CONVERSION = YES;
				CLANG_WARN_DEPRECATED_OBJC_IMPLEMENTATIONS = YES;
				CLANG_WARN_DIRECT_OBJC_ISA_USAGE = YES_ERROR;
				CLANG_WARN_DOCUMENTATION_COMMENTS = YES;
				CLANG_WARN_EMPTY_BODY = YES;
				CLANG_WARN_ENUM_CONVERSION = YES;
				CLANG_WARN_INFINITE_RECURSION = YES;
				CLANG_WARN_INT_CONVERSION = YES;
				CLANG_WARN_NON_LITERAL_NULL_CONVERSION = YES;
				CLANG_WARN_OBJC_IMPLICIT_RETAIN_SELF = YES;
				CLANG_WARN_OBJC_LITERAL_CONVERSION = YES;
				CLANG_WARN_OBJC_ROOT_CLASS = YES_ERROR;
				CLANG_WARN_QUOTED_INCLUDE_IN_FRAMEWORK_HEADER = YES;
				CLANG_WARN_RANGE_LOOP_ANALYSIS = YES;
				CLANG_WARN_STRICT_PROTOTYPES = YES;
				CLANG_WARN_SUSPICIOUS_MOVE = YES;
				CLANG_WARN_UNGUARDED_AVAILABILITY = YES_AGGRESSIVE;
				CLANG_WARN_UNREACHABLE_CODE = YES;
				CLANG_WARN__DUPLICATE_METHOD_MATCH = YES;
				COPY_PHASE_STRIP = NO;
				DEBUG_INFORMATION_FORMAT = dwarf;
				ENABLE_STRICT_OBJC_MSGSEND = YES;
				ENABLE_TESTABILITY = YES;
				GCC_C_LANGUAGE_STANDARD = gnu11;
				GCC_DYNAMIC_NO_PIC = NO;
				GCC_NO_COMMON_BLOCKS = YES;
				GCC_OPTIMIZATION_LEVEL = 0;
				GCC_PREPROCESSOR_DEFINITIONS = (
					"DEBUG=1",
					"$(inherited)",
				);
				GCC_WARN_64_TO_32_BIT_CONVERSION = YES;
				GCC_WARN_ABOUT_RETURN_TYPE = YES_ERROR;
				GCC_WARN_UNDECLARED_SELECTOR = YES;
				GCC_WARN_UNINITIALIZED_AUTOS = YES_AGGRESSIVE;
				GCC_WARN_UNUSED_FUNCTION = YES;
				GCC_WARN_UNUSED_VARIABLE = YES;
				MACOSX_DEPLOYMENT_TARGET = 12.6;
				MTL_ENABLE_DEBUG_INFO = INCLUDE_SOURCE;
				MTL_FAST_MATH = YES;
				ONLY_ACTIVE_ARCH = YES;
				SDKROOT = macosx;
				SWIFT_ACTIVE_COMPILATION_CONDITIONS = DEBUG;
				SWIFT_OPTIMIZATION_LEVEL = "-Onone";
			};
			name = Debug;
		};
		0E6D4E012A14BEB600915D27 /* Release */ = {
			isa = XCBuildConfiguration;
			buildSettings = {
				ALWAYS_SEARCH_USER_PATHS = NO;
				CLANG_ANALYZER_NONNULL = YES;
				CLANG_ANALYZER_NUMBER_OBJECT_CONVERSION = YES_AGGRESSIVE;
				CLANG_CXX_LANGUAGE_STANDARD = "gnu++20";
				CLANG_ENABLE_MODULES = YES;
				CLANG_ENABLE_OBJC_ARC = YES;
				CLANG_ENABLE_OBJC_WEAK = YES;
				CLANG_WARN_BLOCK_CAPTURE_AUTORELEASING = YES;
				CLANG_WARN_BOOL_CONVERSION = YES;
				CLANG_WARN_COMMA = YES;
				CLANG_WARN_CONSTANT_CONVERSION = YES;
				CLANG_WARN_DEPRECATED_OBJC_IMPLEMENTATIONS = YES;
				CLANG_WARN_DIRECT_OBJC_ISA_USAGE = YES_ERROR;
				CLANG_WARN_DOCUMENTATION_COMMENTS = YES;
				CLANG_WARN_EMPTY_BODY = YES;
				CLANG_WARN_ENUM_CONVERSION = YES;
				CLANG_WARN_INFINITE_RECURSION = YES;
				CLANG_WARN_INT_CONVERSION = YES;
				CLANG_WARN_NON_LITERAL_NULL_CONVERSION = YES;
				CLANG_WARN_OBJC_IMPLICIT_RETAIN_SELF = YES;
				CLANG_WARN_OBJC_LITERAL_CONVERSION = YES;
				CLANG_WARN_OBJC_ROOT_CLASS = YES_ERROR;
				CLANG_WARN_QUOTED_INCLUDE_IN_FRAMEWORK_HEADER = YES;
				CLANG_WARN_RANGE_LOOP_ANALYSIS = YES;
				CLANG_WARN_STRICT_PROTOTYPES = YES;
				CLANG_WARN_SUSPICIOUS_MOVE = YES;
				CLANG_WARN_UNGUARDED_AVAILABILITY = YES_AGGRESSIVE;
				CLANG_WARN_UNREACHABLE_CODE = YES;
				CLANG_WARN__DUPLICATE_METHOD_MATCH = YES;
				COPY_PHASE_STRIP = NO;
				DEBUG_INFORMATION_FORMAT = "dwarf-with-dsym";
				ENABLE_NS_ASSERTIONS = NO;
				ENABLE_STRICT_OBJC_MSGSEND = YES;
				GCC_C_LANGUAGE_STANDARD = gnu11;
				GCC_NO_COMMON_BLOCKS = YES;
				GCC_WARN_64_TO_32_BIT_CONVERSION = YES;
				GCC_WARN_ABOUT_RETURN_TYPE = YES_ERROR;
				GCC_WARN_UNDECLARED_SELECTOR = YES;
				GCC_WARN_UNINITIALIZED_AUTOS = YES_AGGRESSIVE;
				GCC_WARN_UNUSED_FUNCTION = YES;
				GCC_WARN_UNUSED_VARIABLE = YES;
				MACOSX_DEPLOYMENT_TARGET = 12.6;
				MTL_ENABLE_DEBUG_INFO = NO;
				MTL_FAST_MATH = YES;
				SDKROOT = macosx;
				SWIFT_COMPILATION_MODE = wholemodule;
				SWIFT_OPTIMIZATION_LEVEL = "-O";
			};
			name = Release;
		};
		0E6D4E032A14BEB600915D27 /* Debug */ = {
			isa = XCBuildConfiguration;
			baseConfigurationReference = 7A468584F2CDF85740E21F04 /* Pods-LBBug.debug.xcconfig */;
			buildSettings = {
				ASSETCATALOG_COMPILER_APPICON_NAME = AppIcon;
				ASSETCATALOG_COMPILER_GLOBAL_ACCENT_COLOR_NAME = AccentColor;
				CODE_SIGN_ENTITLEMENTS = LBBug/LBBug.entitlements;
				CODE_SIGN_STYLE = Automatic;
				COMBINE_HIDPI_IMAGES = YES;
				CURRENT_PROJECT_VERSION = 1;
				DEVELOPMENT_TEAM = 4739C3MRTL;
				ENABLE_HARDENED_RUNTIME = YES;
				GENERATE_INFOPLIST_FILE = YES;
				INFOPLIST_KEY_NSHumanReadableCopyright = "";
				INFOPLIST_KEY_NSMainStoryboardFile = Main;
				INFOPLIST_KEY_NSPrincipalClass = NSApplication;
				LD_RUNPATH_SEARCH_PATHS = (
					"$(inherited)",
					"@executable_path/../Frameworks",
				);
				MARKETING_VERSION = 1.0;
				PRODUCT_BUNDLE_IDENTIFIER = com.LightBite.LBBug;
				PRODUCT_NAME = "$(TARGET_NAME)";
				SWIFT_EMIT_LOC_STRINGS = YES;
				SWIFT_VERSION = 5.0;
			};
			name = Debug;
		};
		0E6D4E042A14BEB600915D27 /* Release */ = {
			isa = XCBuildConfiguration;
			baseConfigurationReference = B75D347EBB2042F34C9F5EFB /* Pods-LBBug.release.xcconfig */;
			buildSettings = {
				ASSETCATALOG_COMPILER_APPICON_NAME = AppIcon;
				ASSETCATALOG_COMPILER_GLOBAL_ACCENT_COLOR_NAME = AccentColor;
				CODE_SIGN_ENTITLEMENTS = LBBug/LBBug.entitlements;
				CODE_SIGN_STYLE = Automatic;
				COMBINE_HIDPI_IMAGES = YES;
				CURRENT_PROJECT_VERSION = 1;
				DEVELOPMENT_TEAM = 4739C3MRTL;
				ENABLE_HARDENED_RUNTIME = YES;
				GENERATE_INFOPLIST_FILE = YES;
				INFOPLIST_KEY_NSHumanReadableCopyright = "";
				INFOPLIST_KEY_NSMainStoryboardFile = Main;
				INFOPLIST_KEY_NSPrincipalClass = NSApplication;
				LD_RUNPATH_SEARCH_PATHS = (
					"$(inherited)",
					"@executable_path/../Frameworks",
				);
				MARKETING_VERSION = 1.0;
				PRODUCT_BUNDLE_IDENTIFIER = com.LightBite.LBBug;
				PRODUCT_NAME = "$(TARGET_NAME)";
				SWIFT_EMIT_LOC_STRINGS = YES;
				SWIFT_VERSION = 5.0;
			};
			name = Release;
		};
/* End XCBuildConfiguration section */

/* Begin XCConfigurationList section */
		0E6D4DEE2A14BEB500915D27 /* Build configuration list for PBXProject "LBBug" */ = {
			isa = XCConfigurationList;
			buildConfigurations = (
				0E6D4E002A14BEB600915D27 /* Debug */,
				0E6D4E012A14BEB600915D27 /* Release */,
			);
			defaultConfigurationIsVisible = 0;
			defaultConfigurationName = Release;
		};
		0E6D4E022A14BEB600915D27 /* Build configuration list for PBXNativeTarget "LBBug" */ = {
			isa = XCConfigurationList;
			buildConfigurations = (
				0E6D4E032A14BEB600915D27 /* Debug */,
				0E6D4E042A14BEB600915D27 /* Release */,
			);
			defaultConfigurationIsVisible = 0;
			defaultConfigurationName = Release;
		};
/* End XCConfigurationList section */
	};
	rootObject = 0E6D4DEB2A14BEB500915D27 /* Project object */;
}
